
Microsoft Visual Studio Solution File, Format Version 12.00
# Visual Studio Version 17
VisualStudioVersion = 17.6.33829.357
MinimumVisualStudioVersion = 10.0.40219.1
Project("{FAE04EC0-301F-11D3-BF4B-00C04F79EFBC}") = "FarmNotificationData", "FarmNotificationService\FarmNotificationData.csproj", "{AD3E978C-12FE-4988-85ED-C17A90397CA6}"
EndProject
Project("{E53339B2-1760-4266-BCC7-CA923CBCF16C}") = "docker-compose", "docker-compose.dcproj", "{31E2D815-E7A9-4867-8C16-0FEC50E75401}"
EndProject
Global
	GlobalSection(SolutionConfigurationPlatforms) = preSolution
		Debug|Any CPU = Debug|Any CPU
		Release|Any CPU = Release|Any CPU
	EndGlobalSection
	GlobalSection(ProjectConfigurationPlatforms) = postSolution
		{AD3E978C-12FE-4988-85ED-C17A90397CA6}.Debug|Any CPU.ActiveCfg = Debug|Any CPU
		{AD3E978C-12FE-4988-85ED-C17A90397CA6}.Debug|Any CPU.Build.0 = Debug|Any CPU
		{AD3E978C-12FE-4988-85ED-C17A90397CA6}.Release|Any CPU.ActiveCfg = Release|Any CPU
		{AD3E978C-12FE-4988-85ED-C17A90397CA6}.Release|Any CPU.Build.0 = Release|Any CPU
		{31E2D815-E7A9-4867-8C16-0FEC50E75401}.Debug|Any CPU.ActiveCfg = Debug|Any CPU
		{31E2D815-E7A9-4867-8C16-0FEC50E75401}.Debug|Any CPU.Build.0 = Debug|Any CPU
		{31E2D815-E7A9-4867-8C16-0FEC50E75401}.Release|Any CPU.ActiveCfg = Release|Any CPU
		{31E2D815-E7A9-4867-8C16-0FEC50E75401}.Release|Any CPU.Build.0 = Release|Any CPU
	EndGlobalSection
	GlobalSection(SolutionProperties) = preSolution
		HideSolutionNode = FALSE
	EndGlobalSection
	GlobalSection(ExtensibilityGlobals) = postSolution
		SolutionGuid = {7C0A2199-BA00-44A0-A44E-C7D6095A69BE}
	EndGlobalSection
EndGlobal
